
Microsoft Visual Studio Solution File, Format Version 12.00
# Visual Studio 2013
VisualStudioVersion = 12.0.21005.1
MinimumVisualStudioVersion = 10.0.40219.1
Project("{FAE04EC0-301F-11D3-BF4B-00C04F79EFBC}") = "WpfBindingErrors", "WpfBindingErrors\WpfBindingErrors.csproj", "{90D08C68-5D3A-4DBF-9EBC-673B5BC91A66}"
EndProject
Project("{FAE04EC0-301F-11D3-BF4B-00C04F79EFBC}") = "SampleWpfApplication", "SampleWpfApplication\SampleWpfApplication.csproj", "{25DBA954-5001-440B-91C4-AF25A4B4D0DC}"
EndProject
Project("{FAE04EC0-301F-11D3-BF4B-00C04F79EFBC}") = "SampleWpfApplicationTests", "SampleWpfApplicationTests\SampleWpfApplicationTests.csproj", "{1B489CBC-FA1D-4997-A713-A52112C8778C}"
EndProject
Global
	GlobalSection(SolutionConfigurationPlatforms) = preSolution
		Debug|Any CPU = Debug|Any CPU
		Release|Any CPU = Release|Any CPU
	EndGlobalSection
	GlobalSection(ProjectConfigurationPlatforms) = postSolution
		{90D08C68-5D3A-4DBF-9EBC-673B5BC91A66}.Debug|Any CPU.ActiveCfg = Debug|Any CPU
		{90D08C68-5D3A-4DBF-9EBC-673B5BC91A66}.Debug|Any CPU.Build.0 = Debug|Any CPU
		{90D08C68-5D3A-4DBF-9EBC-673B5BC91A66}.Release|Any CPU.ActiveCfg = Release|Any CPU
		{90D08C68-5D3A-4DBF-9EBC-673B5BC91A66}.Release|Any CPU.Build.0 = Release|Any CPU
		{25DBA954-5001-440B-91C4-AF25A4B4D0DC}.Debug|Any CPU.ActiveCfg = Debug|Any CPU
		{25DBA954-5001-440B-91C4-AF25A4B4D0DC}.Debug|Any CPU.Build.0 = Debug|Any CPU
		{25DBA954-5001-440B-91C4-AF25A4B4D0DC}.Release|Any CPU.ActiveCfg = Release|Any CPU
		{25DBA954-5001-440B-91C4-AF25A4B4D0DC}.Release|Any CPU.Build.0 = Release|Any CPU
		{1B489CBC-FA1D-4997-A713-A52112C8778C}.Debug|Any CPU.ActiveCfg = Debug|Any CPU
		{1B489CBC-FA1D-4997-A713-A52112C8778C}.Debug|Any CPU.Build.0 = Debug|Any CPU
		{1B489CBC-FA1D-4997-A713-A52112C8778C}.Release|Any CPU.ActiveCfg = Release|Any CPU
		{1B489CBC-FA1D-4997-A713-A52112C8778C}.Release|Any CPU.Build.0 = Release|Any CPU
	EndGlobalSection
	GlobalSection(SolutionProperties) = preSolution
		HideSolutionNode = FALSE
	EndGlobalSection
EndGlobal
